// !$*UTF8*$!
{
	archiveVersion = 1;
	classes = {
	};
	objectVersion = 56;
	objects = {

/* Begin PBXBuildFile section */
		894B6A492986E90700597538 /* Alamofire in Frameworks */ = {isa = PBXBuildFile; productRef = 894B6A482986E90700597538 /* Alamofire */; };
		894B6A4B2986E96700597538 /* NetworkingProvider.swift in Sources */ = {isa = PBXBuildFile; fileRef = 894B6A4A2986E96700597538 /* NetworkingProvider.swift */; };
		894B6A4F2986EAA800597538 /* Characters.swift in Sources */ = {isa = PBXBuildFile; fileRef = 894B6A4E2986EAA800597538 /* Characters.swift */; };
		894B6A552987273800597538 /* RMCharactersViewController.swift in Sources */ = {isa = PBXBuildFile; fileRef = 894B6A542987273800597538 /* RMCharactersViewController.swift */; };
		894B6A56298727E800597538 /* RickyAndMorty.storyboard in Resources */ = {isa = PBXBuildFile; fileRef = 894B6A58298727E800597538 /* RickyAndMorty.storyboard */; };
		894B6A5B298747A000597538 /* RMTableViewCell.swift in Sources */ = {isa = PBXBuildFile; fileRef = 894B6A59298747A000597538 /* RMTableViewCell.swift */; };
		894B6A5C298747A100597538 /* RMTableViewCell.xib in Resources */ = {isa = PBXBuildFile; fileRef = 894B6A5A298747A000597538 /* RMTableViewCell.xib */; };
		894B6A6029876D0500597538 /* UIImageViewExtension.swift in Sources */ = {isa = PBXBuildFile; fileRef = 894B6A5F29876D0500597538 /* UIImageViewExtension.swift */; };
		898914142985FF1C0071C357 /* AppDelegate.swift in Sources */ = {isa = PBXBuildFile; fileRef = 898914132985FF1C0071C357 /* AppDelegate.swift */; };
		898914162985FF1C0071C357 /* SceneDelegate.swift in Sources */ = {isa = PBXBuildFile; fileRef = 898914152985FF1C0071C357 /* SceneDelegate.swift */; };
		898914182985FF1C0071C357 /* ViewController.swift in Sources */ = {isa = PBXBuildFile; fileRef = 898914172985FF1C0071C357 /* ViewController.swift */; };
		8989141B2985FF1C0071C357 /* Main.storyboard in Resources */ = {isa = PBXBuildFile; fileRef = 898914192985FF1C0071C357 /* Main.storyboard */; };
		8989141D2985FF290071C357 /* Assets.xcassets in Resources */ = {isa = PBXBuildFile; fileRef = 8989141C2985FF290071C357 /* Assets.xcassets */; };
		898914202985FF290071C357 /* LaunchScreen.storyboard in Resources */ = {isa = PBXBuildFile; fileRef = 8989141E2985FF290071C357 /* LaunchScreen.storyboard */; };
		89EDA7012986BDB0006283B1 /* RickMortySwiftApi in Frameworks */ = {isa = PBXBuildFile; productRef = 89EDA7002986BDB0006283B1 /* RickMortySwiftApi */; };
/* End PBXBuildFile section */

/* Begin PBXFileReference section */
		894B6A4A2986E96700597538 /* NetworkingProvider.swift */ = {isa = PBXFileReference; lastKnownFileType = sourcecode.swift; path = NetworkingProvider.swift; sourceTree = "<group>"; };
		894B6A4E2986EAA800597538 /* Characters.swift */ = {isa = PBXFileReference; lastKnownFileType = sourcecode.swift; path = Characters.swift; sourceTree = "<group>"; };
		894B6A542987273800597538 /* RMCharactersViewController.swift */ = {isa = PBXFileReference; lastKnownFileType = sourcecode.swift; path = RMCharactersViewController.swift; sourceTree = "<group>"; };
		894B6A57298727E800597538 /* Base */ = {isa = PBXFileReference; lastKnownFileType = file.storyboard; name = Base; path = Base.lproj/RickyAndMorty.storyboard; sourceTree = "<group>"; };
		894B6A59298747A000597538 /* RMTableViewCell.swift */ = {isa = PBXFileReference; lastKnownFileType = sourcecode.swift; path = RMTableViewCell.swift; sourceTree = "<group>"; };
		894B6A5A298747A000597538 /* RMTableViewCell.xib */ = {isa = PBXFileReference; lastKnownFileType = file.xib; path = RMTableViewCell.xib; sourceTree = "<group>"; };
		894B6A5F29876D0500597538 /* UIImageViewExtension.swift */ = {isa = PBXFileReference; lastKnownFileType = sourcecode.swift; path = UIImageViewExtension.swift; sourceTree = "<group>"; };
		898914102985FF1C0071C357 /* ZaraTest.app */ = {isa = PBXFileReference; explicitFileType = wrapper.application; includeInIndex = 0; path = ZaraTest.app; sourceTree = BUILT_PRODUCTS_DIR; };
		898914132985FF1C0071C357 /* AppDelegate.swift */ = {isa = PBXFileReference; lastKnownFileType = sourcecode.swift; path = AppDelegate.swift; sourceTree = "<group>"; };
		898914152985FF1C0071C357 /* SceneDelegate.swift */ = {isa = PBXFileReference; lastKnownFileType = sourcecode.swift; path = SceneDelegate.swift; sourceTree = "<group>"; };
		898914172985FF1C0071C357 /* ViewController.swift */ = {isa = PBXFileReference; lastKnownFileType = sourcecode.swift; path = ViewController.swift; sourceTree = "<group>"; };
		8989141A2985FF1C0071C357 /* Base */ = {isa = PBXFileReference; lastKnownFileType = file.storyboard; name = Base; path = Base.lproj/Main.storyboard; sourceTree = "<group>"; };
		8989141C2985FF290071C357 /* Assets.xcassets */ = {isa = PBXFileReference; lastKnownFileType = folder.assetcatalog; path = Assets.xcassets; sourceTree = "<group>"; };
		8989141F2985FF290071C357 /* Base */ = {isa = PBXFileReference; lastKnownFileType = file.storyboard; name = Base; path = Base.lproj/LaunchScreen.storyboard; sourceTree = "<group>"; };
		898914212985FF290071C357 /* Info.plist */ = {isa = PBXFileReference; lastKnownFileType = text.plist.xml; path = Info.plist; sourceTree = "<group>"; };
/* End PBXFileReference section */

/* Begin PBXFrameworksBuildPhase section */
		8989140D2985FF1C0071C357 /* Frameworks */ = {
			isa = PBXFrameworksBuildPhase;
			buildActionMask = 2147483647;
			files = (
				89EDA7012986BDB0006283B1 /* RickMortySwiftApi in Frameworks */,
				894B6A492986E90700597538 /* Alamofire in Frameworks */,
			);
			runOnlyForDeploymentPostprocessing = 0;
		};
/* End PBXFrameworksBuildPhase section */

/* Begin PBXGroup section */
		894B6A4C2986EA6500597538 /* Network */ = {
			isa = PBXGroup;
			children = (
				894B6A4D2986EA7A00597538 /* Data */,
				894B6A4A2986E96700597538 /* NetworkingProvider.swift */,
			);
			path = Network;
			sourceTree = "<group>";
		};
		894B6A4D2986EA7A00597538 /* Data */ = {
			isa = PBXGroup;
			children = (
				894B6A4E2986EAA800597538 /* Characters.swift */,
			);
			path = Data;
			sourceTree = "<group>";
		};
		894B6A5D29874B9900597538 /* characters */ = {
			isa = PBXGroup;
			children = (
				894B6A542987273800597538 /* RMCharactersViewController.swift */,
			);
			path = characters;
			sourceTree = "<group>";
		};
		894B6A5E29876CEA00597538 /* extensions */ = {
			isa = PBXGroup;
			children = (
				894B6A5F29876D0500597538 /* UIImageViewExtension.swift */,
			);
			path = extensions;
			sourceTree = "<group>";
		};
		898914072985FF1C0071C357 = {
			isa = PBXGroup;
			children = (
				898914122985FF1C0071C357 /* ZaraTest */,
				898914112985FF1C0071C357 /* Products */,
			);
			sourceTree = "<group>";
		};
		898914112985FF1C0071C357 /* Products */ = {
			isa = PBXGroup;
			children = (
				898914102985FF1C0071C357 /* ZaraTest.app */,
			);
			name = Products;
			sourceTree = "<group>";
		};
		898914122985FF1C0071C357 /* ZaraTest */ = {
			isa = PBXGroup;
			children = (
				894B6A5E29876CEA00597538 /* extensions */,
				89BE14E92986145200903D4B /* ui */,
				898914132985FF1C0071C357 /* AppDelegate.swift */,
				898914152985FF1C0071C357 /* SceneDelegate.swift */,
				8989141C2985FF290071C357 /* Assets.xcassets */,
				8989141E2985FF290071C357 /* LaunchScreen.storyboard */,
				898914212985FF290071C357 /* Info.plist */,
				894B6A4C2986EA6500597538 /* Network */,
			);
			path = ZaraTest;
			sourceTree = "<group>";
		};
		89BE14E92986145200903D4B /* ui */ = {
			isa = PBXGroup;
			children = (
				89BE14EA2986145D00903D4B /* RickyAndMorty */,
				898914172985FF1C0071C357 /* ViewController.swift */,
				898914192985FF1C0071C357 /* Main.storyboard */,
			);
			path = ui;
			sourceTree = "<group>";
		};
		89BE14EA2986145D00903D4B /* RickyAndMorty */ = {
			isa = PBXGroup;
			children = (
				894B6A5D29874B9900597538 /* characters */,
				89BE14EE2986151400903D4B /* details */,
				89BE14ED298614F200903D4B /* cells */,
				894B6A58298727E800597538 /* RickyAndMorty.storyboard */,
			);
			path = RickyAndMorty;
			sourceTree = "<group>";
		};
		89BE14ED298614F200903D4B /* cells */ = {
			isa = PBXGroup;
			children = (
				894B6A59298747A000597538 /* RMTableViewCell.swift */,
				894B6A5A298747A000597538 /* RMTableViewCell.xib */,
			);
			path = cells;
			sourceTree = "<group>";
		};
		89BE14EE2986151400903D4B /* details */ = {
			isa = PBXGroup;
			children = (
				89BE14F02986152E00903D4B /* view */,
				89BE14EF2986152600903D4B /* viewController */,
			);
			path = details;
			sourceTree = "<group>";
		};
		89BE14EF2986152600903D4B /* viewController */ = {
			isa = PBXGroup;
			children = (
			);
			path = viewController;
			sourceTree = "<group>";
		};
		89BE14F02986152E00903D4B /* view */ = {
			isa = PBXGroup;
			children = (
			);
			path = view;
			sourceTree = "<group>";
		};
/* End PBXGroup section */

/* Begin PBXNativeTarget section */
		8989140F2985FF1C0071C357 /* ZaraTest */ = {
			isa = PBXNativeTarget;
			buildConfigurationList = 898914242985FF290071C357 /* Build configuration list for PBXNativeTarget "ZaraTest" */;
			buildPhases = (
				8989140C2985FF1C0071C357 /* Sources */,
				8989140D2985FF1C0071C357 /* Frameworks */,
				8989140E2985FF1C0071C357 /* Resources */,
			);
			buildRules = (
			);
			dependencies = (
			);
			name = ZaraTest;
			packageProductDependencies = (
				89EDA7002986BDB0006283B1 /* RickMortySwiftApi */,
				894B6A482986E90700597538 /* Alamofire */,
			);
			productName = ZaraTest;
			productReference = 898914102985FF1C0071C357 /* ZaraTest.app */;
			productType = "com.apple.product-type.application";
		};
/* End PBXNativeTarget section */

/* Begin PBXProject section */
		898914082985FF1C0071C357 /* Project object */ = {
			isa = PBXProject;
			attributes = {
				BuildIndependentTargetsInParallel = 1;
				LastSwiftUpdateCheck = 1420;
				LastUpgradeCheck = 1420;
				TargetAttributes = {
					8989140F2985FF1C0071C357 = {
						CreatedOnToolsVersion = 14.2;
					};
				};
			};
			buildConfigurationList = 8989140B2985FF1C0071C357 /* Build configuration list for PBXProject "ZaraTest" */;
			compatibilityVersion = "Xcode 14.0";
			developmentRegion = en;
			hasScannedForEncodings = 0;
			knownRegions = (
				en,
				Base,
			);
			mainGroup = 898914072985FF1C0071C357;
			packageReferences = (
				89EDA6FF2986BDB0006283B1 /* XCRemoteSwiftPackageReference "Rick-and-Morty-Swift-API" */,
				894B6A472986E90600597538 /* XCRemoteSwiftPackageReference "Alamofire" */,
			);
			productRefGroup = 898914112985FF1C0071C357 /* Products */;
			projectDirPath = "";
			projectRoot = "";
			targets = (
				8989140F2985FF1C0071C357 /* ZaraTest */,
			);
		};
/* End PBXProject section */

/* Begin PBXResourcesBuildPhase section */
		8989140E2985FF1C0071C357 /* Resources */ = {
			isa = PBXResourcesBuildPhase;
			buildActionMask = 2147483647;
			files = (
				898914202985FF290071C357 /* LaunchScreen.storyboard in Resources */,
				8989141D2985FF290071C357 /* Assets.xcassets in Resources */,
				894B6A5C298747A100597538 /* RMTableViewCell.xib in Resources */,
				8989141B2985FF1C0071C357 /* Main.storyboard in Resources */,
				894B6A56298727E800597538 /* RickyAndMorty.storyboard in Resources */,
			);
			runOnlyForDeploymentPostprocessing = 0;
		};
/* End PBXResourcesBuildPhase section */

/* Begin PBXSourcesBuildPhase section */
		8989140C2985FF1C0071C357 /* Sources */ = {
			isa = PBXSourcesBuildPhase;
			buildActionMask = 2147483647;
			files = (
				898914182985FF1C0071C357 /* ViewController.swift in Sources */,
				898914142985FF1C0071C357 /* AppDelegate.swift in Sources */,
				894B6A4B2986E96700597538 /* NetworkingProvider.swift in Sources */,
				894B6A5B298747A000597538 /* RMTableViewCell.swift in Sources */,
				894B6A4F2986EAA800597538 /* Characters.swift in Sources */,
				894B6A552987273800597538 /* RMCharactersViewController.swift in Sources */,
				894B6A6029876D0500597538 /* UIImageViewExtension.swift in Sources */,
				898914162985FF1C0071C357 /* SceneDelegate.swift in Sources */,
			);
			runOnlyForDeploymentPostprocessing = 0;
		};
/* End PBXSourcesBuildPhase section */

/* Begin PBXVariantGroup section */
		894B6A58298727E800597538 /* RickyAndMorty.storyboard */ = {
			isa = PBXVariantGroup;
			children = (
				894B6A57298727E800597538 /* Base */,
			);
			name = RickyAndMorty.storyboard;
			sourceTree = "<group>";
		};
		898914192985FF1C0071C357 /* Main.storyboard */ = {
			isa = PBXVariantGroup;
			children = (
				8989141A2985FF1C0071C357 /* Base */,
			);
			name = Main.storyboard;
			sourceTree = "<group>";
		};
		8989141E2985FF290071C357 /* LaunchScreen.storyboard */ = {
			isa = PBXVariantGroup;
			children = (
				8989141F2985FF290071C357 /* Base */,
			);
			name = LaunchScreen.storyboard;
			sourceTree = "<group>";
		};
/* End PBXVariantGroup section */

/* Begin XCBuildConfiguration section */
		898914222985FF290071C357 /* Debug */ = {
			isa = XCBuildConfiguration;
			buildSettings = {
				ALWAYS_SEARCH_USER_PATHS = NO;
				CLANG_ANALYZER_NONNULL = YES;
				CLANG_ANALYZER_NUMBER_OBJECT_CONVERSION = YES_AGGRESSIVE;
				CLANG_CXX_LANGUAGE_STANDARD = "gnu++20";
				CLANG_ENABLE_MODULES = YES;
				CLANG_ENABLE_OBJC_ARC = YES;
				CLANG_ENABLE_OBJC_WEAK = YES;
				CLANG_WARN_BLOCK_CAPTURE_AUTORELEASING = YES;
				CLANG_WARN_BOOL_CONVERSION = YES;
				CLANG_WARN_COMMA = YES;
				CLANG_WARN_CONSTANT_CONVERSION = YES;
				CLANG_WARN_DEPRECATED_OBJC_IMPLEMENTATIONS = YES;
				CLANG_WARN_DIRECT_OBJC_ISA_USAGE = YES_ERROR;
				CLANG_WARN_DOCUMENTATION_COMMENTS = YES;
				CLANG_WARN_EMPTY_BODY = YES;
				CLANG_WARN_ENUM_CONVERSION = YES;
				CLANG_WARN_INFINITE_RECURSION = YES;
				CLANG_WARN_INT_CONVERSION = YES;
				CLANG_WARN_NON_LITERAL_NULL_CONVERSION = YES;
				CLANG_WARN_OBJC_IMPLICIT_RETAIN_SELF = YES;
				CLANG_WARN_OBJC_LITERAL_CONVERSION = YES;
				CLANG_WARN_OBJC_ROOT_CLASS = YES_ERROR;
				CLANG_WARN_QUOTED_INCLUDE_IN_FRAMEWORK_HEADER = YES;
				CLANG_WARN_RANGE_LOOP_ANALYSIS = YES;
				CLANG_WARN_STRICT_PROTOTYPES = YES;
				CLANG_WARN_SUSPICIOUS_MOVE = YES;
				CLANG_WARN_UNGUARDED_AVAILABILITY = YES_AGGRESSIVE;
				CLANG_WARN_UNREACHABLE_CODE = YES;
				CLANG_WARN__DUPLICATE_METHOD_MATCH = YES;
				COPY_PHASE_STRIP = NO;
				DEBUG_INFORMATION_FORMAT = dwarf;
				ENABLE_STRICT_OBJC_MSGSEND = YES;
				ENABLE_TESTABILITY = YES;
				GCC_C_LANGUAGE_STANDARD = gnu11;
				GCC_DYNAMIC_NO_PIC = NO;
				GCC_NO_COMMON_BLOCKS = YES;
				GCC_OPTIMIZATION_LEVEL = 0;
				GCC_PREPROCESSOR_DEFINITIONS = (
					"DEBUG=1",
					"$(inherited)",
				);
				GCC_WARN_64_TO_32_BIT_CONVERSION = YES;
				GCC_WARN_ABOUT_RETURN_TYPE = YES_ERROR;
				GCC_WARN_UNDECLARED_SELECTOR = YES;
				GCC_WARN_UNINITIALIZED_AUTOS = YES_AGGRESSIVE;
				GCC_WARN_UNUSED_FUNCTION = YES;
				GCC_WARN_UNUSED_VARIABLE = YES;
				IPHONEOS_DEPLOYMENT_TARGET = 16.2;
				MTL_ENABLE_DEBUG_INFO = INCLUDE_SOURCE;
				MTL_FAST_MATH = YES;
				ONLY_ACTIVE_ARCH = YES;
				SDKROOT = iphoneos;
				SWIFT_ACTIVE_COMPILATION_CONDITIONS = DEBUG;
				SWIFT_OPTIMIZATION_LEVEL = "-Onone";
			};
			name = Debug;
		};
		898914232985FF290071C357 /* Release */ = {
			isa = XCBuildConfiguration;
			buildSettings = {
				ALWAYS_SEARCH_USER_PATHS = NO;
				CLANG_ANALYZER_NONNULL = YES;
				CLANG_ANALYZER_NUMBER_OBJECT_CONVERSION = YES_AGGRESSIVE;
				CLANG_CXX_LANGUAGE_STANDARD = "gnu++20";
				CLANG_ENABLE_MODULES = YES;
				CLANG_ENABLE_OBJC_ARC = YES;
				CLANG_ENABLE_OBJC_WEAK = YES;
				CLANG_WARN_BLOCK_CAPTURE_AUTORELEASING = YES;
				CLANG_WARN_BOOL_CONVERSION = YES;
				CLANG_WARN_COMMA = YES;
				CLANG_WARN_CONSTANT_CONVERSION = YES;
				CLANG_WARN_DEPRECATED_OBJC_IMPLEMENTATIONS = YES;
				CLANG_WARN_DIRECT_OBJC_ISA_USAGE = YES_ERROR;
				CLANG_WARN_DOCUMENTATION_COMMENTS = YES;
				CLANG_WARN_EMPTY_BODY = YES;
				CLANG_WARN_ENUM_CONVERSION = YES;
				CLANG_WARN_INFINITE_RECURSION = YES;
				CLANG_WARN_INT_CONVERSION = YES;
				CLANG_WARN_NON_LITERAL_NULL_CONVERSION = YES;
				CLANG_WARN_OBJC_IMPLICIT_RETAIN_SELF = YES;
				CLANG_WARN_OBJC_LITERAL_CONVERSION = YES;
				CLANG_WARN_OBJC_ROOT_CLASS = YES_ERROR;
				CLANG_WARN_QUOTED_INCLUDE_IN_FRAMEWORK_HEADER = YES;
				CLANG_WARN_RANGE_LOOP_ANALYSIS = YES;
				CLANG_WARN_STRICT_PROTOTYPES = YES;
				CLANG_WARN_SUSPICIOUS_MOVE = YES;
				CLANG_WARN_UNGUARDED_AVAILABILITY = YES_AGGRESSIVE;
				CLANG_WARN_UNREACHABLE_CODE = YES;
				CLANG_WARN__DUPLICATE_METHOD_MATCH = YES;
				COPY_PHASE_STRIP = NO;
				DEBUG_INFORMATION_FORMAT = "dwarf-with-dsym";
				ENABLE_NS_ASSERTIONS = NO;
				ENABLE_STRICT_OBJC_MSGSEND = YES;
				GCC_C_LANGUAGE_STANDARD = gnu11;
				GCC_NO_COMMON_BLOCKS = YES;
				GCC_WARN_64_TO_32_BIT_CONVERSION = YES;
				GCC_WARN_ABOUT_RETURN_TYPE = YES_ERROR;
				GCC_WARN_UNDECLARED_SELECTOR = YES;
				GCC_WARN_UNINITIALIZED_AUTOS = YES_AGGRESSIVE;
				GCC_WARN_UNUSED_FUNCTION = YES;
				GCC_WARN_UNUSED_VARIABLE = YES;
				IPHONEOS_DEPLOYMENT_TARGET = 16.2;
				MTL_ENABLE_DEBUG_INFO = NO;
				MTL_FAST_MATH = YES;
				SDKROOT = iphoneos;
				SWIFT_COMPILATION_MODE = wholemodule;
				SWIFT_OPTIMIZATION_LEVEL = "-O";
				VALIDATE_PRODUCT = YES;
			};
			name = Release;
		};
		898914252985FF290071C357 /* Debug */ = {
			isa = XCBuildConfiguration;
			buildSettings = {
				ASSETCATALOG_COMPILER_APPICON_NAME = AppIcon;
				ASSETCATALOG_COMPILER_GLOBAL_ACCENT_COLOR_NAME = AccentColor;
				ASSETCATALOG_COMPILER_INCLUDE_ALL_APPICON_ASSETS = YES;
				CODE_SIGN_STYLE = Automatic;
				CURRENT_PROJECT_VERSION = 1;
				DEVELOPMENT_TEAM = 73K742V96E;
				GENERATE_INFOPLIST_FILE = YES;
				INFOPLIST_FILE = ZaraTest/Info.plist;
				INFOPLIST_KEY_CFBundleDisplayName = "Zara Test";
				INFOPLIST_KEY_UIApplicationSupportsIndirectInputEvents = YES;
				INFOPLIST_KEY_UILaunchStoryboardName = LaunchScreen.storyboard;
				INFOPLIST_KEY_UIMainStoryboardFile = Main;
				INFOPLIST_KEY_UIRequiresFullScreen = NO;
				INFOPLIST_KEY_UISupportedInterfaceOrientations_iPad = "UIInterfaceOrientationPortrait UIInterfaceOrientationPortraitUpsideDown UIInterfaceOrientationLandscapeLeft UIInterfaceOrientationLandscapeRight";
				INFOPLIST_KEY_UISupportedInterfaceOrientations_iPhone = "UIInterfaceOrientationPortrait UIInterfaceOrientationLandscapeLeft UIInterfaceOrientationLandscapeRight";
				IPHONEOS_DEPLOYMENT_TARGET = 15.0;
				LD_RUNPATH_SEARCH_PATHS = (
					"$(inherited)",
					"@executable_path/Frameworks",
				);
				MARKETING_VERSION = 1.0;
				PRODUCT_BUNDLE_IDENTIFIER = com.zara.ZaraTest;
				PRODUCT_NAME = "$(TARGET_NAME)";
				SWIFT_EMIT_LOC_STRINGS = YES;
				SWIFT_VERSION = 5.0;
				TARGETED_DEVICE_FAMILY = "1,2";
			};
			name = Debug;
		};
		898914262985FF290071C357 /* Release */ = {
			isa = XCBuildConfiguration;
			buildSettings = {
				ASSETCATALOG_COMPILER_APPICON_NAME = AppIcon;
				ASSETCATALOG_COMPILER_GLOBAL_ACCENT_COLOR_NAME = AccentColor;
				ASSETCATALOG_COMPILER_INCLUDE_ALL_APPICON_ASSETS = YES;
				CODE_SIGN_STYLE = Automatic;
				CURRENT_PROJECT_VERSION = 1;
				DEVELOPMENT_TEAM = 73K742V96E;
				GENERATE_INFOPLIST_FILE = YES;
				INFOPLIST_FILE = ZaraTest/Info.plist;
				INFOPLIST_KEY_CFBundleDisplayName = "Zara Test";
				INFOPLIST_KEY_UIApplicationSupportsIndirectInputEvents = YES;
				INFOPLIST_KEY_UILaunchStoryboardName = LaunchScreen.storyboard;
				INFOPLIST_KEY_UIMainStoryboardFile = Main;
				INFOPLIST_KEY_UIRequiresFullScreen = NO;
				INFOPLIST_KEY_UISupportedInterfaceOrientations_iPad = "UIInterfaceOrientationPortrait UIInterfaceOrientationPortraitUpsideDown UIInterfaceOrientationLandscapeLeft UIInterfaceOrientationLandscapeRight";
				INFOPLIST_KEY_UISupportedInterfaceOrientations_iPhone = "UIInterfaceOrientationPortrait UIInterfaceOrientationLandscapeLeft UIInterfaceOrientationLandscapeRight";
				IPHONEOS_DEPLOYMENT_TARGET = 15.0;
				LD_RUNPATH_SEARCH_PATHS = (
					"$(inherited)",
					"@executable_path/Frameworks",
				);
				MARKETING_VERSION = 1.0;
				PRODUCT_BUNDLE_IDENTIFIER = com.zara.ZaraTest;
				PRODUCT_NAME = "$(TARGET_NAME)";
				SWIFT_EMIT_LOC_STRINGS = YES;
				SWIFT_VERSION = 5.0;
				TARGETED_DEVICE_FAMILY = "1,2";
			};
			name = Release;
		};
/* End XCBuildConfiguration section */

/* Begin XCConfigurationList section */
		8989140B2985FF1C0071C357 /* Build configuration list for PBXProject "ZaraTest" */ = {
			isa = XCConfigurationList;
			buildConfigurations = (
				898914222985FF290071C357 /* Debug */,
				898914232985FF290071C357 /* Release */,
			);
			defaultConfigurationIsVisible = 0;
			defaultConfigurationName = Release;
		};
		898914242985FF290071C357 /* Build configuration list for PBXNativeTarget "ZaraTest" */ = {
			isa = XCConfigurationList;
			buildConfigurations = (
				898914252985FF290071C357 /* Debug */,
				898914262985FF290071C357 /* Release */,
			);
			defaultConfigurationIsVisible = 0;
			defaultConfigurationName = Release;
		};
/* End XCConfigurationList section */

/* Begin XCRemoteSwiftPackageReference section */
		894B6A472986E90600597538 /* XCRemoteSwiftPackageReference "Alamofire" */ = {
			isa = XCRemoteSwiftPackageReference;
			repositoryURL = "https://github.com/Alamofire/Alamofire.git";
			requirement = {
				kind = upToNextMajorVersion;
				minimumVersion = 5.0.0;
			};
		};
		89EDA6FF2986BDB0006283B1 /* XCRemoteSwiftPackageReference "Rick-and-Morty-Swift-API" */ = {
			isa = XCRemoteSwiftPackageReference;
			repositoryURL = "https://github.com/benjaminbruch/Rick-and-Morty-Swift-API.git";
			requirement = {
				branch = main;
				kind = branch;
			};
		};
/* End XCRemoteSwiftPackageReference section */

/* Begin XCSwiftPackageProductDependency section */
		894B6A482986E90700597538 /* Alamofire */ = {
			isa = XCSwiftPackageProductDependency;
			package = 894B6A472986E90600597538 /* XCRemoteSwiftPackageReference "Alamofire" */;
			productName = Alamofire;
		};
		89EDA7002986BDB0006283B1 /* RickMortySwiftApi */ = {
			isa = XCSwiftPackageProductDependency;
			package = 89EDA6FF2986BDB0006283B1 /* XCRemoteSwiftPackageReference "Rick-and-Morty-Swift-API" */;
			productName = RickMortySwiftApi;
		};
/* End XCSwiftPackageProductDependency section */
	};
	rootObject = 898914082985FF1C0071C357 /* Project object */;
}
